
Microsoft Visual Studio Solution File, Format Version 12.00
# Visual Studio Version 16
VisualStudioVersion = 16.0.31911.196
MinimumVisualStudioVersion = 10.0.40219.1
Project("{FAE04EC0-301F-11D3-BF4B-00C04F79EFBC}") = "Task 189", "Task 189\Task 189.csproj", "{56DA0204-866C-4E04-8A65-141905B0275F}"
EndProject
Global
	GlobalSection(SolutionConfigurationPlatforms) = preSolution
		Debug|Any CPU = Debug|Any CPU
		Release|Any CPU = Release|Any CPU
	EndGlobalSection
	GlobalSection(ProjectConfigurationPlatforms) = postSolution
		{56DA0204-866C-4E04-8A65-141905B0275F}.Debug|Any CPU.ActiveCfg = Debug|Any CPU
		{56DA0204-866C-4E04-8A65-141905B0275F}.Debug|Any CPU.Build.0 = Debug|Any CPU
		{56DA0204-866C-4E04-8A65-141905B0275F}.Release|Any CPU.ActiveCfg = Release|Any CPU
		{56DA0204-866C-4E04-8A65-141905B0275F}.Release|Any CPU.Build.0 = Release|Any CPU
	EndGlobalSection
	GlobalSection(SolutionProperties) = preSolution
		HideSolutionNode = FALSE
	EndGlobalSection
	GlobalSection(ExtensibilityGlobals) = postSolution
		SolutionGuid = {580A2B1F-E26B-430D-804E-96E63B97E13B}
	EndGlobalSection
EndGlobal
